
Microsoft Visual Studio Solution File, Format Version 12.00
# Visual Studio Version 17
VisualStudioVersion = 17.5.002.0
MinimumVisualStudioVersion = 10.0.40219.1
Project("{9A19103F-16F7-4668-BE54-9A1E7A4F7556}") = "AlphaApp", "AlphaApp.csproj", "{62B37A8B-6C3C-4242-A20C-FC37BC31306C}"
EndProject
Global
	GlobalSection(SolutionConfigurationPlatforms) = preSolution
		Debug|Any CPU = Debug|Any CPU
		Release|Any CPU = Release|Any CPU
	EndGlobalSection
	GlobalSection(ProjectConfigurationPlatforms) = postSolution
		{62B37A8B-6C3C-4242-A20C-FC37BC31306C}.Debug|Any CPU.ActiveCfg = Debug|Any CPU
		{62B37A8B-6C3C-4242-A20C-FC37BC31306C}.Debug|Any CPU.Build.0 = Debug|Any CPU
		{62B37A8B-6C3C-4242-A20C-FC37BC31306C}.Release|Any CPU.ActiveCfg = Release|Any CPU
		{62B37A8B-6C3C-4242-A20C-FC37BC31306C}.Release|Any CPU.Build.0 = Release|Any CPU
	EndGlobalSection
	GlobalSection(SolutionProperties) = preSolution
		HideSolutionNode = FALSE
	EndGlobalSection
	GlobalSection(ExtensibilityGlobals) = postSolution
		SolutionGuid = {6D0DE8B9-835A-42DC-ABA9-C43104749959}
	EndGlobalSection
EndGlobal
